
Microsoft Visual Studio Solution File, Format Version 12.00
# Visual Studio Version 17
VisualStudioVersion = 17.2.32616.157
MinimumVisualStudioVersion = 10.0.40219.1
Project("{8BC9CEB8-8B4A-11D0-8D11-00A0C91BC942}") = "01.DeBug", "LSW\LSW.vcxproj", "{EF9EE7E2-2D8F-44F6-84CC-7354008D2FB9}"
EndProject
Project("{8BC9CEB8-8B4A-11D0-8D11-00A0C91BC942}") = "02. 변수", "ConsoleApplication2\ConsoleApplication2.vcxproj", "{7AC43936-408A-4708-8D49-E262F076A3DE}"
EndProject
Project("{8BC9CEB8-8B4A-11D0-8D11-00A0C91BC942}") = "03. 연산자", "03. 연산자\03. 연산자.vcxproj", "{BD278A5E-176B-4A6C-847B-F8DB7969E1F7}"
EndProject
Project("{8BC9CEB8-8B4A-11D0-8D11-00A0C91BC942}") = "04. 조건문", "조건문\조건문.vcxproj", "{46E07CC6-4EDE-4EAC-923C-BC3E977F9079}"
EndProject
Project("{8BC9CEB8-8B4A-11D0-8D11-00A0C91BC942}") = "05. Loop", "05. Loop\05. Loop.vcxproj", "{381354A8-149C-4B51-9050-DED147F3B437}"
EndProject
Project("{8BC9CEB8-8B4A-11D0-8D11-00A0C91BC942}") = "06. function", "06. function\06. function.vcxproj", "{F0EDC0FB-F779-4B78-ABB2-F3CF84095B10}"
EndProject
Project("{8BC9CEB8-8B4A-11D0-8D11-00A0C91BC942}") = "07. 배열, 구조체", "07. 배열\07. 배열.vcxproj", "{6DB1C0BB-105C-4B8B-8A26-41C7564054F1}"
EndProject
Project("{8BC9CEB8-8B4A-11D0-8D11-00A0C91BC942}") = "08. String", "08. String\08. String.vcxproj", "{232AAD91-8ACB-4920-82D7-CD106359E0D1}"
EndProject
Project("{8BC9CEB8-8B4A-11D0-8D11-00A0C91BC942}") = "09. Pointer", "09. Pointer\09. Pointer.vcxproj", "{8ECBCA68-F417-49A4-A361-AD1C475F486A}"
EndProject
Global
	GlobalSection(SolutionConfigurationPlatforms) = preSolution
		Debug|x64 = Debug|x64
		Debug|x86 = Debug|x86
		Release|x64 = Release|x64
		Release|x86 = Release|x86
	EndGlobalSection
	GlobalSection(ProjectConfigurationPlatforms) = postSolution
		{EF9EE7E2-2D8F-44F6-84CC-7354008D2FB9}.Debug|x64.ActiveCfg = Debug|x64
		{EF9EE7E2-2D8F-44F6-84CC-7354008D2FB9}.Debug|x64.Build.0 = Debug|x64
		{EF9EE7E2-2D8F-44F6-84CC-7354008D2FB9}.Debug|x86.ActiveCfg = Debug|Win32
		{EF9EE7E2-2D8F-44F6-84CC-7354008D2FB9}.Debug|x86.Build.0 = Debug|Win32
		{EF9EE7E2-2D8F-44F6-84CC-7354008D2FB9}.Release|x64.ActiveCfg = Release|x64
		{EF9EE7E2-2D8F-44F6-84CC-7354008D2FB9}.Release|x64.Build.0 = Release|x64
		{EF9EE7E2-2D8F-44F6-84CC-7354008D2FB9}.Release|x86.ActiveCfg = Release|Win32
		{EF9EE7E2-2D8F-44F6-84CC-7354008D2FB9}.Release|x86.Build.0 = Release|Win32
		{7AC43936-408A-4708-8D49-E262F076A3DE}.Debug|x64.ActiveCfg = Debug|x64
		{7AC43936-408A-4708-8D49-E262F076A3DE}.Debug|x64.Build.0 = Debug|x64
		{7AC43936-408A-4708-8D49-E262F076A3DE}.Debug|x86.ActiveCfg = Debug|Win32
		{7AC43936-408A-4708-8D49-E262F076A3DE}.Debug|x86.Build.0 = Debug|Win32
		{7AC43936-408A-4708-8D49-E262F076A3DE}.Release|x64.ActiveCfg = Release|x64
		{7AC43936-408A-4708-8D49-E262F076A3DE}.Release|x64.Build.0 = Release|x64
		{7AC43936-408A-4708-8D49-E262F076A3DE}.Release|x86.ActiveCfg = Release|Win32
		{7AC43936-408A-4708-8D49-E262F076A3DE}.Release|x86.Build.0 = Release|Win32
		{BD278A5E-176B-4A6C-847B-F8DB7969E1F7}.Debug|x64.ActiveCfg = Debug|x64
		{BD278A5E-176B-4A6C-847B-F8DB7969E1F7}.Debug|x64.Build.0 = Debug|x64
		{BD278A5E-176B-4A6C-847B-F8DB7969E1F7}.Debug|x86.ActiveCfg = Debug|Win32
		{BD278A5E-176B-4A6C-847B-F8DB7969E1F7}.Debug|x86.Build.0 = Debug|Win32
		{BD278A5E-176B-4A6C-847B-F8DB7969E1F7}.Release|x64.ActiveCfg = Release|x64
		{BD278A5E-176B-4A6C-847B-F8DB7969E1F7}.Release|x64.Build.0 = Release|x64
		{BD278A5E-176B-4A6C-847B-F8DB7969E1F7}.Release|x86.ActiveCfg = Release|Win32
		{BD278A5E-176B-4A6C-847B-F8DB7969E1F7}.Release|x86.Build.0 = Release|Win32
		{46E07CC6-4EDE-4EAC-923C-BC3E977F9079}.Debug|x64.ActiveCfg = Debug|x64
		{46E07CC6-4EDE-4EAC-923C-BC3E977F9079}.Debug|x64.Build.0 = Debug|x64
		{46E07CC6-4EDE-4EAC-923C-BC3E977F9079}.Debug|x86.ActiveCfg = Debug|Win32
		{46E07CC6-4EDE-4EAC-923C-BC3E977F9079}.Debug|x86.Build.0 = Debug|Win32
		{46E07CC6-4EDE-4EAC-923C-BC3E977F9079}.Release|x64.ActiveCfg = Release|x64
		{46E07CC6-4EDE-4EAC-923C-BC3E977F9079}.Release|x64.Build.0 = Release|x64
		{46E07CC6-4EDE-4EAC-923C-BC3E977F9079}.Release|x86.ActiveCfg = Release|Win32
		{46E07CC6-4EDE-4EAC-923C-BC3E977F9079}.Release|x86.Build.0 = Release|Win32
		{381354A8-149C-4B51-9050-DED147F3B437}.Debug|x64.ActiveCfg = Debug|x64
		{381354A8-149C-4B51-9050-DED147F3B437}.Debug|x64.Build.0 = Debug|x64
		{381354A8-149C-4B51-9050-DED147F3B437}.Debug|x86.ActiveCfg = Debug|Win32
		{381354A8-149C-4B51-9050-DED147F3B437}.Debug|x86.Build.0 = Debug|Win32
		{381354A8-149C-4B51-9050-DED147F3B437}.Release|x64.ActiveCfg = Release|x64
		{381354A8-149C-4B51-9050-DED147F3B437}.Release|x64.Build.0 = Release|x64
		{381354A8-149C-4B51-9050-DED147F3B437}.Release|x86.ActiveCfg = Release|Win32
		{381354A8-149C-4B51-9050-DED147F3B437}.Release|x86.Build.0 = Release|Win32
		{F0EDC0FB-F779-4B78-ABB2-F3CF84095B10}.Debug|x64.ActiveCfg = Debug|x64
		{F0EDC0FB-F779-4B78-ABB2-F3CF84095B10}.Debug|x64.Build.0 = Debug|x64
		{F0EDC0FB-F779-4B78-ABB2-F3CF84095B10}.Debug|x86.ActiveCfg = Debug|Win32
		{F0EDC0FB-F779-4B78-ABB2-F3CF84095B10}.Debug|x86.Build.0 = Debug|Win32
		{F0EDC0FB-F779-4B78-ABB2-F3CF84095B10}.Release|x64.ActiveCfg = Release|x64
		{F0EDC0FB-F779-4B78-ABB2-F3CF84095B10}.Release|x64.Build.0 = Release|x64
		{F0EDC0FB-F779-4B78-ABB2-F3CF84095B10}.Release|x86.ActiveCfg = Release|Win32
		{F0EDC0FB-F779-4B78-ABB2-F3CF84095B10}.Release|x86.Build.0 = Release|Win32
		{6DB1C0BB-105C-4B8B-8A26-41C7564054F1}.Debug|x64.ActiveCfg = Debug|x64
		{6DB1C0BB-105C-4B8B-8A26-41C7564054F1}.Debug|x64.Build.0 = Debug|x64
		{6DB1C0BB-105C-4B8B-8A26-41C7564054F1}.Debug|x86.ActiveCfg = Debug|Win32
		{6DB1C0BB-105C-4B8B-8A26-41C7564054F1}.Debug|x86.Build.0 = Debug|Win32
		{6DB1C0BB-105C-4B8B-8A26-41C7564054F1}.Release|x64.ActiveCfg = Release|x64
		{6DB1C0BB-105C-4B8B-8A26-41C7564054F1}.Release|x64.Build.0 = Release|x64
		{6DB1C0BB-105C-4B8B-8A26-41C7564054F1}.Release|x86.ActiveCfg = Release|Win32
		{6DB1C0BB-105C-4B8B-8A26-41C7564054F1}.Release|x86.Build.0 = Release|Win32
		{232AAD91-8ACB-4920-82D7-CD106359E0D1}.Debug|x64.ActiveCfg = Debug|x64
		{232AAD91-8ACB-4920-82D7-CD106359E0D1}.Debug|x64.Build.0 = Debug|x64
		{232AAD91-8ACB-4920-82D7-CD106359E0D1}.Debug|x86.ActiveCfg = Debug|Win32
		{232AAD91-8ACB-4920-82D7-CD106359E0D1}.Debug|x86.Build.0 = Debug|Win32
		{232AAD91-8ACB-4920-82D7-CD106359E0D1}.Release|x64.ActiveCfg = Release|x64
		{232AAD91-8ACB-4920-82D7-CD106359E0D1}.Release|x64.Build.0 = Release|x64
		{232AAD91-8ACB-4920-82D7-CD106359E0D1}.Release|x86.ActiveCfg = Release|Win32
		{232AAD91-8ACB-4920-82D7-CD106359E0D1}.Release|x86.Build.0 = Release|Win32
		{8ECBCA68-F417-49A4-A361-AD1C475F486A}.Debug|x64.ActiveCfg = Debug|x64
		{8ECBCA68-F417-49A4-A361-AD1C475F486A}.Debug|x64.Build.0 = Debug|x64
		{8ECBCA68-F417-49A4-A361-AD1C475F486A}.Debug|x86.ActiveCfg = Debug|Win32
		{8ECBCA68-F417-49A4-A361-AD1C475F486A}.Debug|x86.Build.0 = Debug|Win32
		{8ECBCA68-F417-49A4-A361-AD1C475F486A}.Release|x64.ActiveCfg = Release|x64
		{8ECBCA68-F417-49A4-A361-AD1C475F486A}.Release|x64.Build.0 = Release|x64
		{8ECBCA68-F417-49A4-A361-AD1C475F486A}.Release|x86.ActiveCfg = Release|Win32
		{8ECBCA68-F417-49A4-A361-AD1C475F486A}.Release|x86.Build.0 = Release|Win32
	EndGlobalSection
	GlobalSection(SolutionProperties) = preSolution
		HideSolutionNode = FALSE
	EndGlobalSection
	GlobalSection(ExtensibilityGlobals) = postSolution
		SolutionGuid = {538DB632-1D7B-4475-8728-DE6E2C422FAE}
	EndGlobalSection
EndGlobal
